
Microsoft Visual Studio Solution File, Format Version 12.00
Project("{FAE04EC0-301F-11D3-BF4B-00C04F79EFBC}") = "IceDragon", "IceDragon\IceDragon.csproj", "{38673154-651E-4DCC-9E23-A51E49E77E42}"
EndProject
Global
	GlobalSection(SolutionConfigurationPlatforms) = preSolution
		Debug|Any CPU = Debug|Any CPU
		Release|Any CPU = Release|Any CPU
	EndGlobalSection
	GlobalSection(ProjectConfigurationPlatforms) = postSolution
		{38673154-651E-4DCC-9E23-A51E49E77E42}.Debug|Any CPU.ActiveCfg = Debug|Any CPU
		{38673154-651E-4DCC-9E23-A51E49E77E42}.Debug|Any CPU.Build.0 = Debug|Any CPU
		{38673154-651E-4DCC-9E23-A51E49E77E42}.Release|Any CPU.ActiveCfg = Release|Any CPU
		{38673154-651E-4DCC-9E23-A51E49E77E42}.Release|Any CPU.Build.0 = Release|Any CPU
	EndGlobalSection
EndGlobal
